
Microsoft Visual Studio Solution File, Format Version 12.00
# Visual Studio 2013
VisualStudioVersion = 12.0.21005.1
MinimumVisualStudioVersion = 10.0.40219.1
Project("{FAE04EC0-301F-11D3-BF4B-00C04F79EFBC}") = "SportsStore.WebUI", "SportsStore.WebUI\SportsStore.WebUI.csproj", "{C4876BA5-E59C-41AF-BFBD-27F03A6F472D}"
EndProject
Project("{FAE04EC0-301F-11D3-BF4B-00C04F79EFBC}") = "SportsStore.Domain", "SportsStore.Domain\SportsStore.Domain.csproj", "{2D10B6BE-5054-4072-987C-A9CE7E1FA346}"
EndProject
Project("{FAE04EC0-301F-11D3-BF4B-00C04F79EFBC}") = "SportsStore.UnitTests", "SportsStore.UnitTests\SportsStore.UnitTests.csproj", "{31814504-DFF1-4F14-8A00-A0E8140092BB}"
EndProject
Global
	GlobalSection(SolutionConfigurationPlatforms) = preSolution
		Debug|Any CPU = Debug|Any CPU
		Release|Any CPU = Release|Any CPU
	EndGlobalSection
	GlobalSection(ProjectConfigurationPlatforms) = postSolution
		{C4876BA5-E59C-41AF-BFBD-27F03A6F472D}.Debug|Any CPU.ActiveCfg = Debug|Any CPU
		{C4876BA5-E59C-41AF-BFBD-27F03A6F472D}.Debug|Any CPU.Build.0 = Debug|Any CPU
		{C4876BA5-E59C-41AF-BFBD-27F03A6F472D}.Release|Any CPU.ActiveCfg = Release|Any CPU
		{C4876BA5-E59C-41AF-BFBD-27F03A6F472D}.Release|Any CPU.Build.0 = Release|Any CPU
		{2D10B6BE-5054-4072-987C-A9CE7E1FA346}.Debug|Any CPU.ActiveCfg = Debug|Any CPU
		{2D10B6BE-5054-4072-987C-A9CE7E1FA346}.Debug|Any CPU.Build.0 = Debug|Any CPU
		{2D10B6BE-5054-4072-987C-A9CE7E1FA346}.Release|Any CPU.ActiveCfg = Release|Any CPU
		{2D10B6BE-5054-4072-987C-A9CE7E1FA346}.Release|Any CPU.Build.0 = Release|Any CPU
		{31814504-DFF1-4F14-8A00-A0E8140092BB}.Debug|Any CPU.ActiveCfg = Debug|Any CPU
		{31814504-DFF1-4F14-8A00-A0E8140092BB}.Debug|Any CPU.Build.0 = Debug|Any CPU
		{31814504-DFF1-4F14-8A00-A0E8140092BB}.Release|Any CPU.ActiveCfg = Release|Any CPU
		{31814504-DFF1-4F14-8A00-A0E8140092BB}.Release|Any CPU.Build.0 = Release|Any CPU
	EndGlobalSection
	GlobalSection(SolutionProperties) = preSolution
		HideSolutionNode = FALSE
	EndGlobalSection
EndGlobal
